
Microsoft Visual Studio Solution File, Format Version 12.00
# Visual Studio 15
VisualStudioVersion = 15.0.26730.15
MinimumVisualStudioVersion = 10.0.40219.1
Project("{9A19103F-16F7-4668-BE54-9A1E7A4F7556}") = "Services", "Services\Services.csproj", "{ED74D167-1C47-4371-898B-4C0A4A1B3941}"
EndProject
Project("{9A19103F-16F7-4668-BE54-9A1E7A4F7556}") = "API", "API\API.csproj", "{7B522767-F42F-4DA7-B459-60E0E189FE10}"
EndProject
Project("{9A19103F-16F7-4668-BE54-9A1E7A4F7556}") = "ConsoleApp1", "ConsoleApp1\ConsoleApp1.csproj", "{37159D45-7410-46B2-A122-6CFCB4B869A5}"
EndProject
Project("{2150E333-8FDC-42A3-9474-1A3956D46DE8}") = "Solution Items", "Solution Items", "{42D78AD2-CD19-4D7C-9B72-097F2610C9A6}"
	ProjectSection(SolutionItems) = preProject
		Klassendiagram.png = Klassendiagram.png
		README.md = README.md
	EndProjectSection
EndProject
Global
	GlobalSection(SolutionConfigurationPlatforms) = preSolution
		Debug|Any CPU = Debug|Any CPU
		Release|Any CPU = Release|Any CPU
	EndGlobalSection
	GlobalSection(ProjectConfigurationPlatforms) = postSolution
		{ED74D167-1C47-4371-898B-4C0A4A1B3941}.Debug|Any CPU.ActiveCfg = Debug|Any CPU
		{ED74D167-1C47-4371-898B-4C0A4A1B3941}.Debug|Any CPU.Build.0 = Debug|Any CPU
		{ED74D167-1C47-4371-898B-4C0A4A1B3941}.Release|Any CPU.ActiveCfg = Release|Any CPU
		{ED74D167-1C47-4371-898B-4C0A4A1B3941}.Release|Any CPU.Build.0 = Release|Any CPU
		{7B522767-F42F-4DA7-B459-60E0E189FE10}.Debug|Any CPU.ActiveCfg = Debug|Any CPU
		{7B522767-F42F-4DA7-B459-60E0E189FE10}.Debug|Any CPU.Build.0 = Debug|Any CPU
		{7B522767-F42F-4DA7-B459-60E0E189FE10}.Release|Any CPU.ActiveCfg = Release|Any CPU
		{7B522767-F42F-4DA7-B459-60E0E189FE10}.Release|Any CPU.Build.0 = Release|Any CPU
		{37159D45-7410-46B2-A122-6CFCB4B869A5}.Debug|Any CPU.ActiveCfg = Debug|Any CPU
		{37159D45-7410-46B2-A122-6CFCB4B869A5}.Debug|Any CPU.Build.0 = Debug|Any CPU
		{37159D45-7410-46B2-A122-6CFCB4B869A5}.Release|Any CPU.ActiveCfg = Release|Any CPU
		{37159D45-7410-46B2-A122-6CFCB4B869A5}.Release|Any CPU.Build.0 = Release|Any CPU
	EndGlobalSection
	GlobalSection(SolutionProperties) = preSolution
		HideSolutionNode = FALSE
	EndGlobalSection
	GlobalSection(ExtensibilityGlobals) = postSolution
		SolutionGuid = {503EE0FA-6664-4BEA-BE0E-522853195FFC}
	EndGlobalSection
EndGlobal
